
Microsoft Visual Studio Solution File, Format Version 12.00
# Visual Studio Version 17
VisualStudioVersion = 17.9.34728.123
MinimumVisualStudioVersion = 10.0.40219.1
Project("{FAE04EC0-301F-11D3-BF4B-00C04F79EFBC}") = "CacheMeIfYouCan", "CacheMeIfYouCan\CacheMeIfYouCan.csproj", "{A9F32D79-BFBE-48C6-99F1-127C5A1A9D3C}"
EndProject
Global
	GlobalSection(SolutionConfigurationPlatforms) = preSolution
		Debug|Any CPU = Debug|Any CPU
		Release|Any CPU = Release|Any CPU
	EndGlobalSection
	GlobalSection(ProjectConfigurationPlatforms) = postSolution
		{A9F32D79-BFBE-48C6-99F1-127C5A1A9D3C}.Debug|Any CPU.ActiveCfg = Debug|Any CPU
		{A9F32D79-BFBE-48C6-99F1-127C5A1A9D3C}.Debug|Any CPU.Build.0 = Debug|Any CPU
		{A9F32D79-BFBE-48C6-99F1-127C5A1A9D3C}.Release|Any CPU.ActiveCfg = Release|Any CPU
		{A9F32D79-BFBE-48C6-99F1-127C5A1A9D3C}.Release|Any CPU.Build.0 = Release|Any CPU
	EndGlobalSection
	GlobalSection(SolutionProperties) = preSolution
		HideSolutionNode = FALSE
	EndGlobalSection
	GlobalSection(ExtensibilityGlobals) = postSolution
		SolutionGuid = {A9E4AAD0-A6F3-4087-9D90-7434B1807FB9}
	EndGlobalSection
EndGlobal
